
Microsoft Visual Studio Solution File, Format Version 12.00
# Visual Studio Version 16
VisualStudioVersion = 16.0.30011.22
MinimumVisualStudioVersion = 10.0.40219.1
Project("{FAE04EC0-301F-11D3-BF4B-00C04F79EFBC}") = "CarService.Web", "CarService.Web\CarService.Web.csproj", "{E953F310-70BB-48A7-9B22-9575B6AE0ADB}"
EndProject
Project("{FAE04EC0-301F-11D3-BF4B-00C04F79EFBC}") = "CarService.DataContext", "CarService.DataContext\CarService.DataContext.csproj", "{7EBB9870-02EA-4547-8D47-793C4312CA4E}"
EndProject
Project("{FAE04EC0-301F-11D3-BF4B-00C04F79EFBC}") = "CarService.Service", "CarService.Service\CarService.Service.csproj", "{C8DA076C-9108-496F-9E48-FD4E440BE7AE}"
EndProject
Global
	GlobalSection(SolutionConfigurationPlatforms) = preSolution
		Debug|Any CPU = Debug|Any CPU
		Release|Any CPU = Release|Any CPU
	EndGlobalSection
	GlobalSection(ProjectConfigurationPlatforms) = postSolution
		{E953F310-70BB-48A7-9B22-9575B6AE0ADB}.Debug|Any CPU.ActiveCfg = Debug|Any CPU
		{E953F310-70BB-48A7-9B22-9575B6AE0ADB}.Debug|Any CPU.Build.0 = Debug|Any CPU
		{E953F310-70BB-48A7-9B22-9575B6AE0ADB}.Release|Any CPU.ActiveCfg = Release|Any CPU
		{E953F310-70BB-48A7-9B22-9575B6AE0ADB}.Release|Any CPU.Build.0 = Release|Any CPU
		{7EBB9870-02EA-4547-8D47-793C4312CA4E}.Debug|Any CPU.ActiveCfg = Debug|Any CPU
		{7EBB9870-02EA-4547-8D47-793C4312CA4E}.Debug|Any CPU.Build.0 = Debug|Any CPU
		{7EBB9870-02EA-4547-8D47-793C4312CA4E}.Release|Any CPU.ActiveCfg = Release|Any CPU
		{7EBB9870-02EA-4547-8D47-793C4312CA4E}.Release|Any CPU.Build.0 = Release|Any CPU
		{C8DA076C-9108-496F-9E48-FD4E440BE7AE}.Debug|Any CPU.ActiveCfg = Debug|Any CPU
		{C8DA076C-9108-496F-9E48-FD4E440BE7AE}.Debug|Any CPU.Build.0 = Debug|Any CPU
		{C8DA076C-9108-496F-9E48-FD4E440BE7AE}.Release|Any CPU.ActiveCfg = Release|Any CPU
		{C8DA076C-9108-496F-9E48-FD4E440BE7AE}.Release|Any CPU.Build.0 = Release|Any CPU
	EndGlobalSection
	GlobalSection(SolutionProperties) = preSolution
		HideSolutionNode = FALSE
	EndGlobalSection
	GlobalSection(ExtensibilityGlobals) = postSolution
		SolutionGuid = {3F8EB832-1158-4F66-BF4A-49C869B205A8}
	EndGlobalSection
EndGlobal
